// !$*UTF8*$!
{
	archiveVersion = 1;
	classes = {
	};
	objectVersion = 46;
	objects = {

/* Begin PBXBuildFile section */
		5B47415417BF5E2D005FF4D9 /* RWNodeButton.m in Sources */ = {isa = PBXBuildFile; fileRef = 5B47415317BF5E2D005FF4D9 /* RWNodeButton.m */; };
		5B47415717BF5FDD005FF4D9 /* RWNodeView.m in Sources */ = {isa = PBXBuildFile; fileRef = 5B47415617BF5FDD005FF4D9 /* RWNodeView.m */; };
		5B47415A17BF782A005FF4D9 /* RWNodeManager.m in Sources */ = {isa = PBXBuildFile; fileRef = 5B47415917BF782A005FF4D9 /* RWNodeManager.m */; };
		5B47418317C085FE005FF4D9 /* tappedFire.png in Resources */ = {isa = PBXBuildFile; fileRef = 5B47417B17C085FE005FF4D9 /* tappedFire.png */; };
		5B47418417C085FE005FF4D9 /* tappedLight.png in Resources */ = {isa = PBXBuildFile; fileRef = 5B47417C17C085FE005FF4D9 /* tappedLight.png */; };
		5B47418517C085FE005FF4D9 /* tappedLightTappedFire.png in Resources */ = {isa = PBXBuildFile; fileRef = 5B47417D17C085FE005FF4D9 /* tappedLightTappedFire.png */; };
		5B47418617C085FE005FF4D9 /* tappedLightUntappedFire.png in Resources */ = {isa = PBXBuildFile; fileRef = 5B47417E17C085FE005FF4D9 /* tappedLightUntappedFire.png */; };
		5B47418717C085FE005FF4D9 /* untappedFire.png in Resources */ = {isa = PBXBuildFile; fileRef = 5B47417F17C085FE005FF4D9 /* untappedFire.png */; };
		5B47418817C085FE005FF4D9 /* untappedLight.png in Resources */ = {isa = PBXBuildFile; fileRef = 5B47418017C085FE005FF4D9 /* untappedLight.png */; };
		5B47418917C085FE005FF4D9 /* untappedLightTappedFire.png in Resources */ = {isa = PBXBuildFile; fileRef = 5B47418117C085FE005FF4D9 /* untappedLightTappedFire.png */; };
		5B47418A17C085FE005FF4D9 /* untappedLightUntappedFire.png in Resources */ = {isa = PBXBuildFile; fileRef = 5B47418217C085FE005FF4D9 /* untappedLightUntappedFire.png */; };
		5B52E1CE17B8374800B53BB3 /* RWTabBarController.m in Sources */ = {isa = PBXBuildFile; fileRef = 5B52E1CD17B8374800B53BB3 /* RWTabBarController.m */; };
		5B6B2EF9177FCD6500FF98D5 /* UIKit.framework in Frameworks */ = {isa = PBXBuildFile; fileRef = 5B6B2EF8177FCD6500FF98D5 /* UIKit.framework */; };
		5B6B2EFB177FCD6500FF98D5 /* Foundation.framework in Frameworks */ = {isa = PBXBuildFile; fileRef = 5B6B2EFA177FCD6500FF98D5 /* Foundation.framework */; };
		5B6B2EFD177FCD6500FF98D5 /* CoreGraphics.framework in Frameworks */ = {isa = PBXBuildFile; fileRef = 5B6B2EFC177FCD6500FF98D5 /* CoreGraphics.framework */; };
		5B6B2F03177FCD6500FF98D5 /* InfoPlist.strings in Resources */ = {isa = PBXBuildFile; fileRef = 5B6B2F01177FCD6500FF98D5 /* InfoPlist.strings */; };
		5B6B2F05177FCD6500FF98D5 /* main.m in Sources */ = {isa = PBXBuildFile; fileRef = 5B6B2F04177FCD6500FF98D5 /* main.m */; };
		5B6B2F09177FCD6500FF98D5 /* RWAppDelegate.m in Sources */ = {isa = PBXBuildFile; fileRef = 5B6B2F08177FCD6500FF98D5 /* RWAppDelegate.m */; };
		5B6B2F0B177FCD6500FF98D5 /* Default.png in Resources */ = {isa = PBXBuildFile; fileRef = 5B6B2F0A177FCD6500FF98D5 /* Default.png */; };
		5B6B2F0D177FCD6500FF98D5 /* Default@2x.png in Resources */ = {isa = PBXBuildFile; fileRef = 5B6B2F0C177FCD6500FF98D5 /* Default@2x.png */; };
		5B6B2F0F177FCD6600FF98D5 /* Default-568h@2x.png in Resources */ = {isa = PBXBuildFile; fileRef = 5B6B2F0E177FCD6600FF98D5 /* Default-568h@2x.png */; };
		5B6B2F12177FCD6600FF98D5 /* MainStoryboard.storyboard in Resources */ = {isa = PBXBuildFile; fileRef = 5B6B2F10177FCD6600FF98D5 /* MainStoryboard.storyboard */; };
		5B6B2F15177FCD6600FF98D5 /* RWFirstViewController.m in Sources */ = {isa = PBXBuildFile; fileRef = 5B6B2F14177FCD6600FF98D5 /* RWFirstViewController.m */; };
		5B6B2F17177FCD6600FF98D5 /* first.png in Resources */ = {isa = PBXBuildFile; fileRef = 5B6B2F16177FCD6600FF98D5 /* first.png */; };
		5B6B2F19177FCD6600FF98D5 /* first@2x.png in Resources */ = {isa = PBXBuildFile; fileRef = 5B6B2F18177FCD6600FF98D5 /* first@2x.png */; };
		5B6B2F1C177FCD6600FF98D5 /* RWSecondViewController.m in Sources */ = {isa = PBXBuildFile; fileRef = 5B6B2F1B177FCD6600FF98D5 /* RWSecondViewController.m */; };
		5B6B2F1E177FCD6600FF98D5 /* second.png in Resources */ = {isa = PBXBuildFile; fileRef = 5B6B2F1D177FCD6600FF98D5 /* second.png */; };
		5B6B2F20177FCD6600FF98D5 /* second@2x.png in Resources */ = {isa = PBXBuildFile; fileRef = 5B6B2F1F177FCD6600FF98D5 /* second@2x.png */; };
		5BF98D1417B7E7CD00E1A88A /* runwayFire.png in Resources */ = {isa = PBXBuildFile; fileRef = 5BF98D1117B7E7CD00E1A88A /* runwayFire.png */; };
		5BF98D1517B7E7CD00E1A88A /* runwayLights.png in Resources */ = {isa = PBXBuildFile; fileRef = 5BF98D1217B7E7CD00E1A88A /* runwayLights.png */; };
		5BF98D1617B7E7CD00E1A88A /* runwayLightsFire.png in Resources */ = {isa = PBXBuildFile; fileRef = 5BF98D1317B7E7CD00E1A88A /* runwayLightsFire.png */; };
		EF48F0231787725200912CD3 /* libicucore.dylib in Frameworks */ = {isa = PBXBuildFile; fileRef = EF48F0201787725200912CD3 /* libicucore.dylib */; };
		EF48F0241787725200912CD3 /* CFNetwork.framework in Frameworks */ = {isa = PBXBuildFile; fileRef = EF48F0211787725200912CD3 /* CFNetwork.framework */; };
		EF48F0251787725200912CD3 /* Security.framework in Frameworks */ = {isa = PBXBuildFile; fileRef = EF48F0221787725200912CD3 /* Security.framework */; };
		EF48F02F1787760F00912CD3 /* base64.c in Sources */ = {isa = PBXBuildFile; fileRef = EF48F0281787760F00912CD3 /* base64.c */; };
		EF48F0301787760F00912CD3 /* NSData+SRB64Additions.m in Sources */ = {isa = PBXBuildFile; fileRef = EF48F02B1787760F00912CD3 /* NSData+SRB64Additions.m */; };
		EF48F0311787760F00912CD3 /* SRWebSocket.m in Sources */ = {isa = PBXBuildFile; fileRef = EF48F02E1787760F00912CD3 /* SRWebSocket.m */; };
/* End PBXBuildFile section */

/* Begin PBXFileReference section */
		5B47415217BF5E2D005FF4D9 /* RWNodeButton.h */ = {isa = PBXFileReference; fileEncoding = 4; lastKnownFileType = sourcecode.c.h; path = RWNodeButton.h; sourceTree = "<group>"; };
		5B47415317BF5E2D005FF4D9 /* RWNodeButton.m */ = {isa = PBXFileReference; fileEncoding = 4; lastKnownFileType = sourcecode.c.objc; path = RWNodeButton.m; sourceTree = "<group>"; };
		5B47415517BF5FDD005FF4D9 /* RWNodeView.h */ = {isa = PBXFileReference; fileEncoding = 4; lastKnownFileType = sourcecode.c.h; path = RWNodeView.h; sourceTree = "<group>"; };
		5B47415617BF5FDD005FF4D9 /* RWNodeView.m */ = {isa = PBXFileReference; fileEncoding = 4; lastKnownFileType = sourcecode.c.objc; path = RWNodeView.m; sourceTree = "<group>"; };
		5B47415817BF782A005FF4D9 /* RWNodeManager.h */ = {isa = PBXFileReference; fileEncoding = 4; lastKnownFileType = sourcecode.c.h; path = RWNodeManager.h; sourceTree = "<group>"; };
		5B47415917BF782A005FF4D9 /* RWNodeManager.m */ = {isa = PBXFileReference; fileEncoding = 4; lastKnownFileType = sourcecode.c.objc; path = RWNodeManager.m; sourceTree = "<group>"; };
		5B47417B17C085FE005FF4D9 /* tappedFire.png */ = {isa = PBXFileReference; lastKnownFileType = image.png; path = tappedFire.png; sourceTree = "<group>"; };
		5B47417C17C085FE005FF4D9 /* tappedLight.png */ = {isa = PBXFileReference; lastKnownFileType = image.png; path = tappedLight.png; sourceTree = "<group>"; };
		5B47417D17C085FE005FF4D9 /* tappedLightTappedFire.png */ = {isa = PBXFileReference; lastKnownFileType = image.png; path = tappedLightTappedFire.png; sourceTree = "<group>"; };
		5B47417E17C085FE005FF4D9 /* tappedLightUntappedFire.png */ = {isa = PBXFileReference; lastKnownFileType = image.png; path = tappedLightUntappedFire.png; sourceTree = "<group>"; };
		5B47417F17C085FE005FF4D9 /* untappedFire.png */ = {isa = PBXFileReference; lastKnownFileType = image.png; path = untappedFire.png; sourceTree = "<group>"; };
		5B47418017C085FE005FF4D9 /* untappedLight.png */ = {isa = PBXFileReference; lastKnownFileType = image.png; path = untappedLight.png; sourceTree = "<group>"; };
		5B47418117C085FE005FF4D9 /* untappedLightTappedFire.png */ = {isa = PBXFileReference; lastKnownFileType = image.png; path = untappedLightTappedFire.png; sourceTree = "<group>"; };
		5B47418217C085FE005FF4D9 /* untappedLightUntappedFire.png */ = {isa = PBXFileReference; lastKnownFileType = image.png; path = untappedLightUntappedFire.png; sourceTree = "<group>"; };
		5B52E1CC17B8374800B53BB3 /* RWTabBarController.h */ = {isa = PBXFileReference; fileEncoding = 4; lastKnownFileType = sourcecode.c.h; path = RWTabBarController.h; sourceTree = "<group>"; };
		5B52E1CD17B8374800B53BB3 /* RWTabBarController.m */ = {isa = PBXFileReference; fileEncoding = 4; lastKnownFileType = sourcecode.c.objc; path = RWTabBarController.m; sourceTree = "<group>"; };
		5B6B2EF5177FCD6500FF98D5 /* Runway.app */ = {isa = PBXFileReference; explicitFileType = wrapper.application; includeInIndex = 0; path = Runway.app; sourceTree = BUILT_PRODUCTS_DIR; };
		5B6B2EF8177FCD6500FF98D5 /* UIKit.framework */ = {isa = PBXFileReference; lastKnownFileType = wrapper.framework; name = UIKit.framework; path = System/Library/Frameworks/UIKit.framework; sourceTree = SDKROOT; };
		5B6B2EFA177FCD6500FF98D5 /* Foundation.framework */ = {isa = PBXFileReference; lastKnownFileType = wrapper.framework; name = Foundation.framework; path = System/Library/Frameworks/Foundation.framework; sourceTree = SDKROOT; };
		5B6B2EFC177FCD6500FF98D5 /* CoreGraphics.framework */ = {isa = PBXFileReference; lastKnownFileType = wrapper.framework; name = CoreGraphics.framework; path = System/Library/Frameworks/CoreGraphics.framework; sourceTree = SDKROOT; };
		5B6B2F00177FCD6500FF98D5 /* Runway-Info.plist */ = {isa = PBXFileReference; lastKnownFileType = text.plist.xml; path = "Runway-Info.plist"; sourceTree = "<group>"; };
		5B6B2F02177FCD6500FF98D5 /* en */ = {isa = PBXFileReference; lastKnownFileType = text.plist.strings; name = en; path = en.lproj/InfoPlist.strings; sourceTree = "<group>"; };
		5B6B2F04177FCD6500FF98D5 /* main.m */ = {isa = PBXFileReference; lastKnownFileType = sourcecode.c.objc; path = main.m; sourceTree = "<group>"; };
		5B6B2F06177FCD6500FF98D5 /* Runway-Prefix.pch */ = {isa = PBXFileReference; lastKnownFileType = sourcecode.c.h; path = "Runway-Prefix.pch"; sourceTree = "<group>"; };
		5B6B2F07177FCD6500FF98D5 /* RWAppDelegate.h */ = {isa = PBXFileReference; lastKnownFileType = sourcecode.c.h; path = RWAppDelegate.h; sourceTree = "<group>"; };
		5B6B2F08177FCD6500FF98D5 /* RWAppDelegate.m */ = {isa = PBXFileReference; lastKnownFileType = sourcecode.c.objc; path = RWAppDelegate.m; sourceTree = "<group>"; };
		5B6B2F0A177FCD6500FF98D5 /* Default.png */ = {isa = PBXFileReference; lastKnownFileType = image.png; path = Default.png; sourceTree = "<group>"; };
		5B6B2F0C177FCD6500FF98D5 /* Default@2x.png */ = {isa = PBXFileReference; lastKnownFileType = image.png; path = "Default@2x.png"; sourceTree = "<group>"; };
		5B6B2F0E177FCD6600FF98D5 /* Default-568h@2x.png */ = {isa = PBXFileReference; lastKnownFileType = image.png; path = "Default-568h@2x.png"; sourceTree = "<group>"; };
		5B6B2F11177FCD6600FF98D5 /* en */ = {isa = PBXFileReference; lastKnownFileType = file.storyboard; name = en; path = en.lproj/MainStoryboard.storyboard; sourceTree = "<group>"; };
		5B6B2F13177FCD6600FF98D5 /* RWFirstViewController.h */ = {isa = PBXFileReference; lastKnownFileType = sourcecode.c.h; path = RWFirstViewController.h; sourceTree = "<group>"; };
		5B6B2F14177FCD6600FF98D5 /* RWFirstViewController.m */ = {isa = PBXFileReference; lastKnownFileType = sourcecode.c.objc; path = RWFirstViewController.m; sourceTree = "<group>"; };
		5B6B2F16177FCD6600FF98D5 /* first.png */ = {isa = PBXFileReference; lastKnownFileType = image.png; path = first.png; sourceTree = "<group>"; };
		5B6B2F18177FCD6600FF98D5 /* first@2x.png */ = {isa = PBXFileReference; lastKnownFileType = image.png; path = "first@2x.png"; sourceTree = "<group>"; };
		5B6B2F1A177FCD6600FF98D5 /* RWSecondViewController.h */ = {isa = PBXFileReference; lastKnownFileType = sourcecode.c.h; path = RWSecondViewController.h; sourceTree = "<group>"; };
		5B6B2F1B177FCD6600FF98D5 /* RWSecondViewController.m */ = {isa = PBXFileReference; lastKnownFileType = sourcecode.c.objc; path = RWSecondViewController.m; sourceTree = "<group>"; };
		5B6B2F1D177FCD6600FF98D5 /* second.png */ = {isa = PBXFileReference; lastKnownFileType = image.png; path = second.png; sourceTree = "<group>"; };
		5B6B2F1F177FCD6600FF98D5 /* second@2x.png */ = {isa = PBXFileReference; lastKnownFileType = image.png; path = "second@2x.png"; sourceTree = "<group>"; };
		5BF98D1117B7E7CD00E1A88A /* runwayFire.png */ = {isa = PBXFileReference; lastKnownFileType = image.png; path = runwayFire.png; sourceTree = "<group>"; };
		5BF98D1217B7E7CD00E1A88A /* runwayLights.png */ = {isa = PBXFileReference; lastKnownFileType = image.png; path = runwayLights.png; sourceTree = "<group>"; };
		5BF98D1317B7E7CD00E1A88A /* runwayLightsFire.png */ = {isa = PBXFileReference; lastKnownFileType = image.png; path = runwayLightsFire.png; sourceTree = "<group>"; };
		EF48F0201787725200912CD3 /* libicucore.dylib */ = {isa = PBXFileReference; lastKnownFileType = "compiled.mach-o.dylib"; name = libicucore.dylib; path = usr/lib/libicucore.dylib; sourceTree = SDKROOT; };
		EF48F0211787725200912CD3 /* CFNetwork.framework */ = {isa = PBXFileReference; lastKnownFileType = wrapper.framework; name = CFNetwork.framework; path = System/Library/Frameworks/CFNetwork.framework; sourceTree = SDKROOT; };
		EF48F0221787725200912CD3 /* Security.framework */ = {isa = PBXFileReference; lastKnownFileType = wrapper.framework; name = Security.framework; path = System/Library/Frameworks/Security.framework; sourceTree = SDKROOT; };
		EF48F0281787760F00912CD3 /* base64.c */ = {isa = PBXFileReference; fileEncoding = 4; lastKnownFileType = sourcecode.c.c; path = base64.c; sourceTree = "<group>"; };
		EF48F0291787760F00912CD3 /* base64.h */ = {isa = PBXFileReference; fileEncoding = 4; lastKnownFileType = sourcecode.c.h; path = base64.h; sourceTree = "<group>"; };
		EF48F02A1787760F00912CD3 /* NSData+SRB64Additions.h */ = {isa = PBXFileReference; fileEncoding = 4; lastKnownFileType = sourcecode.c.h; path = "NSData+SRB64Additions.h"; sourceTree = "<group>"; };
		EF48F02B1787760F00912CD3 /* NSData+SRB64Additions.m */ = {isa = PBXFileReference; fileEncoding = 4; lastKnownFileType = sourcecode.c.objc; path = "NSData+SRB64Additions.m"; sourceTree = "<group>"; };
		EF48F02C1787760F00912CD3 /* SocketRocket-Prefix.pch */ = {isa = PBXFileReference; fileEncoding = 4; lastKnownFileType = sourcecode.c.h; path = "SocketRocket-Prefix.pch"; sourceTree = "<group>"; };
		EF48F02D1787760F00912CD3 /* SRWebSocket.h */ = {isa = PBXFileReference; fileEncoding = 4; lastKnownFileType = sourcecode.c.h; path = SRWebSocket.h; sourceTree = "<group>"; };
		EF48F02E1787760F00912CD3 /* SRWebSocket.m */ = {isa = PBXFileReference; fileEncoding = 4; lastKnownFileType = sourcecode.c.objc; path = SRWebSocket.m; sourceTree = "<group>"; };
/* End PBXFileReference section */

/* Begin PBXFrameworksBuildPhase section */
		5B6B2EF2177FCD6500FF98D5 /* Frameworks */ = {
			isa = PBXFrameworksBuildPhase;
			buildActionMask = 2147483647;
			files = (
				5B6B2EF9177FCD6500FF98D5 /* UIKit.framework in Frameworks */,
				5B6B2EFB177FCD6500FF98D5 /* Foundation.framework in Frameworks */,
				5B6B2EFD177FCD6500FF98D5 /* CoreGraphics.framework in Frameworks */,
				EF48F0231787725200912CD3 /* libicucore.dylib in Frameworks */,
				EF48F0241787725200912CD3 /* CFNetwork.framework in Frameworks */,
				EF48F0251787725200912CD3 /* Security.framework in Frameworks */,
			);
			runOnlyForDeploymentPostprocessing = 0;
		};
/* End PBXFrameworksBuildPhase section */

/* Begin PBXGroup section */
		5B6B2EEC177FCD6500FF98D5 = {
			isa = PBXGroup;
			children = (
				5B6B2EFE177FCD6500FF98D5 /* Runway */,
				5B6B2EF7177FCD6500FF98D5 /* Frameworks */,
				5B6B2EF6177FCD6500FF98D5 /* Products */,
			);
			sourceTree = "<group>";
		};
		5B6B2EF6177FCD6500FF98D5 /* Products */ = {
			isa = PBXGroup;
			children = (
				5B6B2EF5177FCD6500FF98D5 /* Runway.app */,
			);
			name = Products;
			sourceTree = "<group>";
		};
		5B6B2EF7177FCD6500FF98D5 /* Frameworks */ = {
			isa = PBXGroup;
			children = (
				EF48F0201787725200912CD3 /* libicucore.dylib */,
				EF48F0211787725200912CD3 /* CFNetwork.framework */,
				EF48F0221787725200912CD3 /* Security.framework */,
				5B6B2EF8177FCD6500FF98D5 /* UIKit.framework */,
				5B6B2EFA177FCD6500FF98D5 /* Foundation.framework */,
				5B6B2EFC177FCD6500FF98D5 /* CoreGraphics.framework */,
			);
			name = Frameworks;
			sourceTree = "<group>";
		};
		5B6B2EFE177FCD6500FF98D5 /* Runway */ = {
			isa = PBXGroup;
			children = (
				EF48F0261787760300912CD3 /* Third Party */,
				5B6B2F07177FCD6500FF98D5 /* RWAppDelegate.h */,
				5B6B2F08177FCD6500FF98D5 /* RWAppDelegate.m */,
				5B6B2F10177FCD6600FF98D5 /* MainStoryboard.storyboard */,
				5B6B2F13177FCD6600FF98D5 /* RWFirstViewController.h */,
				5B6B2F14177FCD6600FF98D5 /* RWFirstViewController.m */,
				5B47415217BF5E2D005FF4D9 /* RWNodeButton.h */,
				5B47415317BF5E2D005FF4D9 /* RWNodeButton.m */,
				5B47415817BF782A005FF4D9 /* RWNodeManager.h */,
				5B47415917BF782A005FF4D9 /* RWNodeManager.m */,
				5B47415517BF5FDD005FF4D9 /* RWNodeView.h */,
				5B47415617BF5FDD005FF4D9 /* RWNodeView.m */,
				5B6B2F16177FCD6600FF98D5 /* first.png */,
				5B6B2F18177FCD6600FF98D5 /* first@2x.png */,
				5B6B2F1A177FCD6600FF98D5 /* RWSecondViewController.h */,
				5B6B2F1B177FCD6600FF98D5 /* RWSecondViewController.m */,
				5B6B2F1D177FCD6600FF98D5 /* second.png */,
				5B6B2F1F177FCD6600FF98D5 /* second@2x.png */,
				5B6B2EFF177FCD6500FF98D5 /* Supporting Files */,
				5B52E1CC17B8374800B53BB3 /* RWTabBarController.h */,
				5B52E1CD17B8374800B53BB3 /* RWTabBarController.m */,
			);
			path = Runway;
			sourceTree = "<group>";
		};
		5B6B2EFF177FCD6500FF98D5 /* Supporting Files */ = {
			isa = PBXGroup;
			children = (
				5B47417B17C085FE005FF4D9 /* tappedFire.png */,
				5B47417C17C085FE005FF4D9 /* tappedLight.png */,
				5B47417D17C085FE005FF4D9 /* tappedLightTappedFire.png */,
				5B47417E17C085FE005FF4D9 /* tappedLightUntappedFire.png */,
				5B47417F17C085FE005FF4D9 /* untappedFire.png */,
				5B47418017C085FE005FF4D9 /* untappedLight.png */,
				5B47418117C085FE005FF4D9 /* untappedLightTappedFire.png */,
				5B47418217C085FE005FF4D9 /* untappedLightUntappedFire.png */,
				5BF98D1117B7E7CD00E1A88A /* runwayFire.png */,
				5BF98D1217B7E7CD00E1A88A /* runwayLights.png */,
				5BF98D1317B7E7CD00E1A88A /* runwayLightsFire.png */,
				5B6B2F00177FCD6500FF98D5 /* Runway-Info.plist */,
				5B6B2F01177FCD6500FF98D5 /* InfoPlist.strings */,
				5B6B2F04177FCD6500FF98D5 /* main.m */,
				5B6B2F06177FCD6500FF98D5 /* Runway-Prefix.pch */,
				5B6B2F0A177FCD6500FF98D5 /* Default.png */,
				5B6B2F0C177FCD6500FF98D5 /* Default@2x.png */,
				5B6B2F0E177FCD6600FF98D5 /* Default-568h@2x.png */,
			);
			name = "Supporting Files";
			sourceTree = "<group>";
		};
		EF48F0261787760300912CD3 /* Third Party */ = {
			isa = PBXGroup;
			children = (
				EF48F0271787760F00912CD3 /* SocketRocket */,
			);
			name = "Third Party";
			sourceTree = "<group>";
		};
		EF48F0271787760F00912CD3 /* SocketRocket */ = {
			isa = PBXGroup;
			children = (
				EF48F0281787760F00912CD3 /* base64.c */,
				EF48F0291787760F00912CD3 /* base64.h */,
				EF48F02A1787760F00912CD3 /* NSData+SRB64Additions.h */,
				EF48F02B1787760F00912CD3 /* NSData+SRB64Additions.m */,
				EF48F02C1787760F00912CD3 /* SocketRocket-Prefix.pch */,
				EF48F02D1787760F00912CD3 /* SRWebSocket.h */,
				EF48F02E1787760F00912CD3 /* SRWebSocket.m */,
			);
			name = SocketRocket;
			path = "Third Party/SocketRocket/SocketRocket";
			sourceTree = SOURCE_ROOT;
		};
/* End PBXGroup section */

/* Begin PBXNativeTarget section */
		5B6B2EF4177FCD6500FF98D5 /* Runway */ = {
			isa = PBXNativeTarget;
			buildConfigurationList = 5B6B2F23177FCD6600FF98D5 /* Build configuration list for PBXNativeTarget "Runway" */;
			buildPhases = (
				5B6B2EF1177FCD6500FF98D5 /* Sources */,
				5B6B2EF2177FCD6500FF98D5 /* Frameworks */,
				5B6B2EF3177FCD6500FF98D5 /* Resources */,
			);
			buildRules = (
			);
			dependencies = (
			);
			name = Runway;
			productName = Runway;
			productReference = 5B6B2EF5177FCD6500FF98D5 /* Runway.app */;
			productType = "com.apple.product-type.application";
		};
/* End PBXNativeTarget section */

/* Begin PBXProject section */
		5B6B2EED177FCD6500FF98D5 /* Project object */ = {
			isa = PBXProject;
			attributes = {
				CLASSPREFIX = RW;
				LastUpgradeCheck = 0460;
				ORGANIZATIONNAME = "Martin Rolf Reinfried";
			};
			buildConfigurationList = 5B6B2EF0177FCD6500FF98D5 /* Build configuration list for PBXProject "Runway" */;
			compatibilityVersion = "Xcode 3.2";
			developmentRegion = English;
			hasScannedForEncodings = 0;
			knownRegions = (
				en,
			);
			mainGroup = 5B6B2EEC177FCD6500FF98D5;
			productRefGroup = 5B6B2EF6177FCD6500FF98D5 /* Products */;
			projectDirPath = "";
			projectRoot = "";
			targets = (
				5B6B2EF4177FCD6500FF98D5 /* Runway */,
			);
		};
/* End PBXProject section */

/* Begin PBXResourcesBuildPhase section */
		5B6B2EF3177FCD6500FF98D5 /* Resources */ = {
			isa = PBXResourcesBuildPhase;
			buildActionMask = 2147483647;
			files = (
				5B6B2F03177FCD6500FF98D5 /* InfoPlist.strings in Resources */,
				5B6B2F0B177FCD6500FF98D5 /* Default.png in Resources */,
				5B6B2F0D177FCD6500FF98D5 /* Default@2x.png in Resources */,
				5B6B2F0F177FCD6600FF98D5 /* Default-568h@2x.png in Resources */,
				5B6B2F12177FCD6600FF98D5 /* MainStoryboard.storyboard in Resources */,
				5B6B2F17177FCD6600FF98D5 /* first.png in Resources */,
				5B6B2F19177FCD6600FF98D5 /* first@2x.png in Resources */,
				5B6B2F1E177FCD6600FF98D5 /* second.png in Resources */,
				5B6B2F20177FCD6600FF98D5 /* second@2x.png in Resources */,
				5BF98D1417B7E7CD00E1A88A /* runwayFire.png in Resources */,
				5BF98D1517B7E7CD00E1A88A /* runwayLights.png in Resources */,
				5BF98D1617B7E7CD00E1A88A /* runwayLightsFire.png in Resources */,
				5B47418317C085FE005FF4D9 /* tappedFire.png in Resources */,
				5B47418417C085FE005FF4D9 /* tappedLight.png in Resources */,
				5B47418517C085FE005FF4D9 /* tappedLightTappedFire.png in Resources */,
				5B47418617C085FE005FF4D9 /* tappedLightUntappedFire.png in Resources */,
				5B47418717C085FE005FF4D9 /* untappedFire.png in Resources */,
				5B47418817C085FE005FF4D9 /* untappedLight.png in Resources */,
				5B47418917C085FE005FF4D9 /* untappedLightTappedFire.png in Resources */,
				5B47418A17C085FE005FF4D9 /* untappedLightUntappedFire.png in Resources */,
			);
			runOnlyForDeploymentPostprocessing = 0;
		};
/* End PBXResourcesBuildPhase section */

/* Begin PBXSourcesBuildPhase section */
		5B6B2EF1177FCD6500FF98D5 /* Sources */ = {
			isa = PBXSourcesBuildPhase;
			buildActionMask = 2147483647;
			files = (
				5B6B2F05177FCD6500FF98D5 /* main.m in Sources */,
				5B6B2F09177FCD6500FF98D5 /* RWAppDelegate.m in Sources */,
				5B6B2F15177FCD6600FF98D5 /* RWFirstViewController.m in Sources */,
				5B6B2F1C177FCD6600FF98D5 /* RWSecondViewController.m in Sources */,
				EF48F02F1787760F00912CD3 /* base64.c in Sources */,
				EF48F0301787760F00912CD3 /* NSData+SRB64Additions.m in Sources */,
				EF48F0311787760F00912CD3 /* SRWebSocket.m in Sources */,
				5B52E1CE17B8374800B53BB3 /* RWTabBarController.m in Sources */,
				5B47415417BF5E2D005FF4D9 /* RWNodeButton.m in Sources */,
				5B47415717BF5FDD005FF4D9 /* RWNodeView.m in Sources */,
				5B47415A17BF782A005FF4D9 /* RWNodeManager.m in Sources */,
			);
			runOnlyForDeploymentPostprocessing = 0;
		};
/* End PBXSourcesBuildPhase section */

/* Begin PBXVariantGroup section */
		5B6B2F01177FCD6500FF98D5 /* InfoPlist.strings */ = {
			isa = PBXVariantGroup;
			children = (
				5B6B2F02177FCD6500FF98D5 /* en */,
			);
			name = InfoPlist.strings;
			sourceTree = "<group>";
		};
		5B6B2F10177FCD6600FF98D5 /* MainStoryboard.storyboard */ = {
			isa = PBXVariantGroup;
			children = (
				5B6B2F11177FCD6600FF98D5 /* en */,
			);
			name = MainStoryboard.storyboard;
			sourceTree = "<group>";
		};
/* End PBXVariantGroup section */

/* Begin XCBuildConfiguration section */
		5B6B2F21177FCD6600FF98D5 /* Debug */ = {
			isa = XCBuildConfiguration;
			buildSettings = {
				ALWAYS_SEARCH_USER_PATHS = NO;
				CLANG_CXX_LANGUAGE_STANDARD = "gnu++0x";
				CLANG_CXX_LIBRARY = "libc++";
				CLANG_ENABLE_OBJC_ARC = YES;
				CLANG_WARN_CONSTANT_CONVERSION = YES;
				CLANG_WARN_EMPTY_BODY = YES;
				CLANG_WARN_ENUM_CONVERSION = YES;
				CLANG_WARN_INT_CONVERSION = YES;
				CLANG_WARN__DUPLICATE_METHOD_MATCH = YES;
				"CODE_SIGN_IDENTITY[sdk=iphoneos*]" = "iPhone Developer";
				COPY_PHASE_STRIP = NO;
				GCC_C_LANGUAGE_STANDARD = gnu99;
				GCC_DYNAMIC_NO_PIC = NO;
				GCC_OPTIMIZATION_LEVEL = 0;
				GCC_PREPROCESSOR_DEFINITIONS = (
					"DEBUG=1",
					"$(inherited)",
				);
				GCC_SYMBOLS_PRIVATE_EXTERN = NO;
				GCC_WARN_ABOUT_RETURN_TYPE = YES;
				GCC_WARN_UNINITIALIZED_AUTOS = YES;
				GCC_WARN_UNUSED_VARIABLE = YES;
				IPHONEOS_DEPLOYMENT_TARGET = 5.1;
				ONLY_ACTIVE_ARCH = YES;
				SDKROOT = iphoneos5.1;
				TARGETED_DEVICE_FAMILY = 2;
			};
			name = Debug;
		};
		5B6B2F22177FCD6600FF98D5 /* Release */ = {
			isa = XCBuildConfiguration;
			buildSettings = {
				ALWAYS_SEARCH_USER_PATHS = NO;
				CLANG_CXX_LANGUAGE_STANDARD = "gnu++0x";
				CLANG_CXX_LIBRARY = "libc++";
				CLANG_ENABLE_OBJC_ARC = YES;
				CLANG_WARN_CONSTANT_CONVERSION = YES;
				CLANG_WARN_EMPTY_BODY = YES;
				CLANG_WARN_ENUM_CONVERSION = YES;
				CLANG_WARN_INT_CONVERSION = YES;
				CLANG_WARN__DUPLICATE_METHOD_MATCH = YES;
				"CODE_SIGN_IDENTITY[sdk=iphoneos*]" = "iPhone Developer";
				COPY_PHASE_STRIP = YES;
				GCC_C_LANGUAGE_STANDARD = gnu99;
				GCC_WARN_ABOUT_RETURN_TYPE = YES;
				GCC_WARN_UNINITIALIZED_AUTOS = YES;
				GCC_WARN_UNUSED_VARIABLE = YES;
				IPHONEOS_DEPLOYMENT_TARGET = 5.1;
				OTHER_CFLAGS = "-DNS_BLOCK_ASSERTIONS=1";
				SDKROOT = iphoneos5.1;
				TARGETED_DEVICE_FAMILY = 2;
				VALIDATE_PRODUCT = YES;
			};
			name = Release;
		};
		5B6B2F24177FCD6600FF98D5 /* Debug */ = {
			isa = XCBuildConfiguration;
			buildSettings = {
				GCC_PRECOMPILE_PREFIX_HEADER = YES;
				GCC_PREFIX_HEADER = "Runway/Runway-Prefix.pch";
				INFOPLIST_FILE = "Runway/Runway-Info.plist";
				PRODUCT_NAME = "$(TARGET_NAME)";
				WRAPPER_EXTENSION = app;
			};
			name = Debug;
		};
		5B6B2F25177FCD6600FF98D5 /* Release */ = {
			isa = XCBuildConfiguration;
			buildSettings = {
				GCC_PRECOMPILE_PREFIX_HEADER = YES;
				GCC_PREFIX_HEADER = "Runway/Runway-Prefix.pch";
				INFOPLIST_FILE = "Runway/Runway-Info.plist";
				PRODUCT_NAME = "$(TARGET_NAME)";
				WRAPPER_EXTENSION = app;
			};
			name = Release;
		};
/* End XCBuildConfiguration section */

/* Begin XCConfigurationList section */
		5B6B2EF0177FCD6500FF98D5 /* Build configuration list for PBXProject "Runway" */ = {
			isa = XCConfigurationList;
			buildConfigurations = (
				5B6B2F21177FCD6600FF98D5 /* Debug */,
				5B6B2F22177FCD6600FF98D5 /* Release */,
			);
			defaultConfigurationIsVisible = 0;
			defaultConfigurationName = Release;
		};
		5B6B2F23177FCD6600FF98D5 /* Build configuration list for PBXNativeTarget "Runway" */ = {
			isa = XCConfigurationList;
			buildConfigurations = (
				5B6B2F24177FCD6600FF98D5 /* Debug */,
				5B6B2F25177FCD6600FF98D5 /* Release */,
			);
			defaultConfigurationIsVisible = 0;
			defaultConfigurationName = Release;
		};
/* End XCConfigurationList section */
	};
	rootObject = 5B6B2EED177FCD6500FF98D5 /* Project object */;
}
